
Microsoft Visual Studio Solution File, Format Version 12.00
# Visual Studio Express 2012 for Windows Desktop
Project("{FAE04EC0-301F-11D3-BF4B-00C04F79EFBC}") = "SW2ExplorerWV", "SW2ExplorerWV\SW2ExplorerWV.csproj", "{BF6700FF-B193-4074-9E8E-0C918E3126EE}"
EndProject
Project("{FAE04EC0-301F-11D3-BF4B-00C04F79EFBC}") = "Be.Windows.Forms.HexBox", "Be.Windows.Forms.HexBox\Be.Windows.Forms.HexBox.csproj", "{26C5F25F-B450-4CAF-AD8B-B8D11AE73457}"
EndProject
Global
	GlobalSection(SolutionConfigurationPlatforms) = preSolution
		Debug|Any CPU = Debug|Any CPU
		Release|Any CPU = Release|Any CPU
	EndGlobalSection
	GlobalSection(ProjectConfigurationPlatforms) = postSolution
		{BF6700FF-B193-4074-9E8E-0C918E3126EE}.Debug|Any CPU.ActiveCfg = Debug|Any CPU
		{BF6700FF-B193-4074-9E8E-0C918E3126EE}.Debug|Any CPU.Build.0 = Debug|Any CPU
		{BF6700FF-B193-4074-9E8E-0C918E3126EE}.Release|Any CPU.ActiveCfg = Release|Any CPU
		{BF6700FF-B193-4074-9E8E-0C918E3126EE}.Release|Any CPU.Build.0 = Release|Any CPU
		{26C5F25F-B450-4CAF-AD8B-B8D11AE73457}.Debug|Any CPU.ActiveCfg = Debug|Any CPU
		{26C5F25F-B450-4CAF-AD8B-B8D11AE73457}.Debug|Any CPU.Build.0 = Debug|Any CPU
		{26C5F25F-B450-4CAF-AD8B-B8D11AE73457}.Release|Any CPU.ActiveCfg = Release|Any CPU
		{26C5F25F-B450-4CAF-AD8B-B8D11AE73457}.Release|Any CPU.Build.0 = Release|Any CPU
	EndGlobalSection
	GlobalSection(SolutionProperties) = preSolution
		HideSolutionNode = FALSE
	EndGlobalSection
EndGlobal
